// !$*UTF8*$!
{
	archiveVersion = 1;
	classes = {
	};
	objectVersion = 56;
	objects = {

/* Begin PBXBuildFile section */
		EC9C73F62A83845B00663763 /* FilmlerUygulamasiApp.swift in Sources */ = {isa = PBXBuildFile; fileRef = EC9C73F52A83845B00663763 /* FilmlerUygulamasiApp.swift */; };
		EC9C73F82A83845B00663763 /* FilmSayfa.swift in Sources */ = {isa = PBXBuildFile; fileRef = EC9C73F72A83845B00663763 /* FilmSayfa.swift */; };
		EC9C73FA2A83845C00663763 /* Assets.xcassets in Resources */ = {isa = PBXBuildFile; fileRef = EC9C73F92A83845C00663763 /* Assets.xcassets */; };
		EC9C73FD2A83845C00663763 /* Preview Assets.xcassets in Resources */ = {isa = PBXBuildFile; fileRef = EC9C73FC2A83845C00663763 /* Preview Assets.xcassets */; };
		EC9C74052A83869800663763 /* Kategoriler.swift in Sources */ = {isa = PBXBuildFile; fileRef = EC9C74042A83869800663763 /* Kategoriler.swift */; };
		EC9C74072A83878800663763 /* Yonetmenler.swift in Sources */ = {isa = PBXBuildFile; fileRef = EC9C74062A83878800663763 /* Yonetmenler.swift */; };
		EC9C74092A8387D900663763 /* Filmler.swift in Sources */ = {isa = PBXBuildFile; fileRef = EC9C74082A8387D900663763 /* Filmler.swift */; };
		EC9C740B2A838A1A00663763 /* FilmItem.swift in Sources */ = {isa = PBXBuildFile; fileRef = EC9C740A2A838A1A00663763 /* FilmItem.swift */; };
		EC9C740D2A83A3C000663763 /* DetaySayfa.swift in Sources */ = {isa = PBXBuildFile; fileRef = EC9C740C2A83A3C000663763 /* DetaySayfa.swift */; };
		EC9C740F2A83B4C900663763 /* KategoriItem.swift in Sources */ = {isa = PBXBuildFile; fileRef = EC9C740E2A83B4C900663763 /* KategoriItem.swift */; };
		EC9C74112A83B57500663763 /* AnaSayfa.swift in Sources */ = {isa = PBXBuildFile; fileRef = EC9C74102A83B57500663763 /* AnaSayfa.swift */; };
/* End PBXBuildFile section */

/* Begin PBXFileReference section */
		EC9C73F22A83845B00663763 /* FilmlerUygulamasi.app */ = {isa = PBXFileReference; explicitFileType = wrapper.application; includeInIndex = 0; path = FilmlerUygulamasi.app; sourceTree = BUILT_PRODUCTS_DIR; };
		EC9C73F52A83845B00663763 /* FilmlerUygulamasiApp.swift */ = {isa = PBXFileReference; lastKnownFileType = sourcecode.swift; path = FilmlerUygulamasiApp.swift; sourceTree = "<group>"; };
		EC9C73F72A83845B00663763 /* FilmSayfa.swift */ = {isa = PBXFileReference; lastKnownFileType = sourcecode.swift; path = FilmSayfa.swift; sourceTree = "<group>"; };
		EC9C73F92A83845C00663763 /* Assets.xcassets */ = {isa = PBXFileReference; lastKnownFileType = folder.assetcatalog; path = Assets.xcassets; sourceTree = "<group>"; };
		EC9C73FC2A83845C00663763 /* Preview Assets.xcassets */ = {isa = PBXFileReference; lastKnownFileType = folder.assetcatalog; path = "Preview Assets.xcassets"; sourceTree = "<group>"; };
		EC9C74032A8384C300663763 /* Notlar.h */ = {isa = PBXFileReference; lastKnownFileType = sourcecode.c.h; path = Notlar.h; sourceTree = "<group>"; };
		EC9C74042A83869800663763 /* Kategoriler.swift */ = {isa = PBXFileReference; lastKnownFileType = sourcecode.swift; path = Kategoriler.swift; sourceTree = "<group>"; };
		EC9C74062A83878800663763 /* Yonetmenler.swift */ = {isa = PBXFileReference; lastKnownFileType = sourcecode.swift; path = Yonetmenler.swift; sourceTree = "<group>"; };
		EC9C74082A8387D900663763 /* Filmler.swift */ = {isa = PBXFileReference; lastKnownFileType = sourcecode.swift; path = Filmler.swift; sourceTree = "<group>"; };
		EC9C740A2A838A1A00663763 /* FilmItem.swift */ = {isa = PBXFileReference; lastKnownFileType = sourcecode.swift; path = FilmItem.swift; sourceTree = "<group>"; };
		EC9C740C2A83A3C000663763 /* DetaySayfa.swift */ = {isa = PBXFileReference; lastKnownFileType = sourcecode.swift; path = DetaySayfa.swift; sourceTree = "<group>"; };
		EC9C740E2A83B4C900663763 /* KategoriItem.swift */ = {isa = PBXFileReference; lastKnownFileType = sourcecode.swift; path = KategoriItem.swift; sourceTree = "<group>"; };
		EC9C74102A83B57500663763 /* AnaSayfa.swift */ = {isa = PBXFileReference; lastKnownFileType = sourcecode.swift; path = AnaSayfa.swift; sourceTree = "<group>"; };
/* End PBXFileReference section */

/* Begin PBXFrameworksBuildPhase section */
		EC9C73EF2A83845B00663763 /* Frameworks */ = {
			isa = PBXFrameworksBuildPhase;
			buildActionMask = 2147483647;
			files = (
			);
			runOnlyForDeploymentPostprocessing = 0;
		};
/* End PBXFrameworksBuildPhase section */

/* Begin PBXGroup section */
		EC9C73E92A83845B00663763 = {
			isa = PBXGroup;
			children = (
				EC9C73F42A83845B00663763 /* FilmlerUygulamasi */,
				EC9C73F32A83845B00663763 /* Products */,
			);
			sourceTree = "<group>";
		};
		EC9C73F32A83845B00663763 /* Products */ = {
			isa = PBXGroup;
			children = (
				EC9C73F22A83845B00663763 /* FilmlerUygulamasi.app */,
			);
			name = Products;
			sourceTree = "<group>";
		};
		EC9C73F42A83845B00663763 /* FilmlerUygulamasi */ = {
			isa = PBXGroup;
			children = (
				EC9C73F52A83845B00663763 /* FilmlerUygulamasiApp.swift */,
				EC9C73F72A83845B00663763 /* FilmSayfa.swift */,
				EC9C74042A83869800663763 /* Kategoriler.swift */,
				EC9C74062A83878800663763 /* Yonetmenler.swift */,
				EC9C74082A8387D900663763 /* Filmler.swift */,
				EC9C740A2A838A1A00663763 /* FilmItem.swift */,
				EC9C740C2A83A3C000663763 /* DetaySayfa.swift */,
				EC9C740E2A83B4C900663763 /* KategoriItem.swift */,
				EC9C74102A83B57500663763 /* AnaSayfa.swift */,
				EC9C74032A8384C300663763 /* Notlar.h */,
				EC9C73F92A83845C00663763 /* Assets.xcassets */,
				EC9C73FB2A83845C00663763 /* Preview Content */,
			);
			path = FilmlerUygulamasi;
			sourceTree = "<group>";
		};
		EC9C73FB2A83845C00663763 /* Preview Content */ = {
			isa = PBXGroup;
			children = (
				EC9C73FC2A83845C00663763 /* Preview Assets.xcassets */,
			);
			path = "Preview Content";
			sourceTree = "<group>";
		};
/* End PBXGroup section */

/* Begin PBXNativeTarget section */
		EC9C73F12A83845B00663763 /* FilmlerUygulamasi */ = {
			isa = PBXNativeTarget;
			buildConfigurationList = EC9C74002A83845C00663763 /* Build configuration list for PBXNativeTarget "FilmlerUygulamasi" */;
			buildPhases = (
				EC9C73EE2A83845B00663763 /* Sources */,
				EC9C73EF2A83845B00663763 /* Frameworks */,
				EC9C73F02A83845B00663763 /* Resources */,
			);
			buildRules = (
			);
			dependencies = (
			);
			name = FilmlerUygulamasi;
			productName = FilmlerUygulamasi;
			productReference = EC9C73F22A83845B00663763 /* FilmlerUygulamasi.app */;
			productType = "com.apple.product-type.application";
		};
/* End PBXNativeTarget section */

/* Begin PBXProject section */
		EC9C73EA2A83845B00663763 /* Project object */ = {
			isa = PBXProject;
			attributes = {
				BuildIndependentTargetsInParallel = 1;
				LastSwiftUpdateCheck = 1430;
				LastUpgradeCheck = 1430;
				TargetAttributes = {
					EC9C73F12A83845B00663763 = {
						CreatedOnToolsVersion = 14.3.1;
					};
				};
			};
			buildConfigurationList = EC9C73ED2A83845B00663763 /* Build configuration list for PBXProject "FilmlerUygulamasi" */;
			compatibilityVersion = "Xcode 14.0";
			developmentRegion = en;
			hasScannedForEncodings = 0;
			knownRegions = (
				en,
				Base,
			);
			mainGroup = EC9C73E92A83845B00663763;
			productRefGroup = EC9C73F32A83845B00663763 /* Products */;
			projectDirPath = "";
			projectRoot = "";
			targets = (
				EC9C73F12A83845B00663763 /* FilmlerUygulamasi */,
			);
		};
/* End PBXProject section */

/* Begin PBXResourcesBuildPhase section */
		EC9C73F02A83845B00663763 /* Resources */ = {
			isa = PBXResourcesBuildPhase;
			buildActionMask = 2147483647;
			files = (
				EC9C73FD2A83845C00663763 /* Preview Assets.xcassets in Resources */,
				EC9C73FA2A83845C00663763 /* Assets.xcassets in Resources */,
			);
			runOnlyForDeploymentPostprocessing = 0;
		};
/* End PBXResourcesBuildPhase section */

/* Begin PBXSourcesBuildPhase section */
		EC9C73EE2A83845B00663763 /* Sources */ = {
			isa = PBXSourcesBuildPhase;
			buildActionMask = 2147483647;
			files = (
				EC9C74112A83B57500663763 /* AnaSayfa.swift in Sources */,
				EC9C740B2A838A1A00663763 /* FilmItem.swift in Sources */,
				EC9C74052A83869800663763 /* Kategoriler.swift in Sources */,
				EC9C740F2A83B4C900663763 /* KategoriItem.swift in Sources */,
				EC9C73F82A83845B00663763 /* FilmSayfa.swift in Sources */,
				EC9C74072A83878800663763 /* Yonetmenler.swift in Sources */,
				EC9C74092A8387D900663763 /* Filmler.swift in Sources */,
				EC9C740D2A83A3C000663763 /* DetaySayfa.swift in Sources */,
				EC9C73F62A83845B00663763 /* FilmlerUygulamasiApp.swift in Sources */,
			);
			runOnlyForDeploymentPostprocessing = 0;
		};
/* End PBXSourcesBuildPhase section */

/* Begin XCBuildConfiguration section */
		EC9C73FE2A83845C00663763 /* Debug */ = {
			isa = XCBuildConfiguration;
			buildSettings = {
				ALWAYS_SEARCH_USER_PATHS = NO;
				CLANG_ANALYZER_NONNULL = YES;
				CLANG_ANALYZER_NUMBER_OBJECT_CONVERSION = YES_AGGRESSIVE;
				CLANG_CXX_LANGUAGE_STANDARD = "gnu++20";
				CLANG_ENABLE_MODULES = YES;
				CLANG_ENABLE_OBJC_ARC = YES;
				CLANG_ENABLE_OBJC_WEAK = YES;
				CLANG_WARN_BLOCK_CAPTURE_AUTORELEASING = YES;
				CLANG_WARN_BOOL_CONVERSION = YES;
				CLANG_WARN_COMMA = YES;
				CLANG_WARN_CONSTANT_CONVERSION = YES;
				CLANG_WARN_DEPRECATED_OBJC_IMPLEMENTATIONS = YES;
				CLANG_WARN_DIRECT_OBJC_ISA_USAGE = YES_ERROR;
				CLANG_WARN_DOCUMENTATION_COMMENTS = YES;
				CLANG_WARN_EMPTY_BODY = YES;
				CLANG_WARN_ENUM_CONVERSION = YES;
				CLANG_WARN_INFINITE_RECURSION = YES;
				CLANG_WARN_INT_CONVERSION = YES;
				CLANG_WARN_NON_LITERAL_NULL_CONVERSION = YES;
				CLANG_WARN_OBJC_IMPLICIT_RETAIN_SELF = YES;
				CLANG_WARN_OBJC_LITERAL_CONVERSION = YES;
				CLANG_WARN_OBJC_ROOT_CLASS = YES_ERROR;
				CLANG_WARN_QUOTED_INCLUDE_IN_FRAMEWORK_HEADER = YES;
				CLANG_WARN_RANGE_LOOP_ANALYSIS = YES;
				CLANG_WARN_STRICT_PROTOTYPES = YES;
				CLANG_WARN_SUSPICIOUS_MOVE = YES;
				CLANG_WARN_UNGUARDED_AVAILABILITY = YES_AGGRESSIVE;
				CLANG_WARN_UNREACHABLE_CODE = YES;
				CLANG_WARN__DUPLICATE_METHOD_MATCH = YES;
				COPY_PHASE_STRIP = NO;
				DEBUG_INFORMATION_FORMAT = dwarf;
				ENABLE_STRICT_OBJC_MSGSEND = YES;
				ENABLE_TESTABILITY = YES;
				GCC_C_LANGUAGE_STANDARD = gnu11;
				GCC_DYNAMIC_NO_PIC = NO;
				GCC_NO_COMMON_BLOCKS = YES;
				GCC_OPTIMIZATION_LEVEL = 0;
				GCC_PREPROCESSOR_DEFINITIONS = (
					"DEBUG=1",
					"$(inherited)",
				);
				GCC_WARN_64_TO_32_BIT_CONVERSION = YES;
				GCC_WARN_ABOUT_RETURN_TYPE = YES_ERROR;
				GCC_WARN_UNDECLARED_SELECTOR = YES;
				GCC_WARN_UNINITIALIZED_AUTOS = YES_AGGRESSIVE;
				GCC_WARN_UNUSED_FUNCTION = YES;
				GCC_WARN_UNUSED_VARIABLE = YES;
				IPHONEOS_DEPLOYMENT_TARGET = 16.4;
				MTL_ENABLE_DEBUG_INFO = INCLUDE_SOURCE;
				MTL_FAST_MATH = YES;
				ONLY_ACTIVE_ARCH = YES;
				SDKROOT = iphoneos;
				SWIFT_ACTIVE_COMPILATION_CONDITIONS = DEBUG;
				SWIFT_OPTIMIZATION_LEVEL = "-Onone";
			};
			name = Debug;
		};
		EC9C73FF2A83845C00663763 /* Release */ = {
			isa = XCBuildConfiguration;
			buildSettings = {
				ALWAYS_SEARCH_USER_PATHS = NO;
				CLANG_ANALYZER_NONNULL = YES;
				CLANG_ANALYZER_NUMBER_OBJECT_CONVERSION = YES_AGGRESSIVE;
				CLANG_CXX_LANGUAGE_STANDARD = "gnu++20";
				CLANG_ENABLE_MODULES = YES;
				CLANG_ENABLE_OBJC_ARC = YES;
				CLANG_ENABLE_OBJC_WEAK = YES;
				CLANG_WARN_BLOCK_CAPTURE_AUTORELEASING = YES;
				CLANG_WARN_BOOL_CONVERSION = YES;
				CLANG_WARN_COMMA = YES;
				CLANG_WARN_CONSTANT_CONVERSION = YES;
				CLANG_WARN_DEPRECATED_OBJC_IMPLEMENTATIONS = YES;
				CLANG_WARN_DIRECT_OBJC_ISA_USAGE = YES_ERROR;
				CLANG_WARN_DOCUMENTATION_COMMENTS = YES;
				CLANG_WARN_EMPTY_BODY = YES;
				CLANG_WARN_ENUM_CONVERSION = YES;
				CLANG_WARN_INFINITE_RECURSION = YES;
				CLANG_WARN_INT_CONVERSION = YES;
				CLANG_WARN_NON_LITERAL_NULL_CONVERSION = YES;
				CLANG_WARN_OBJC_IMPLICIT_RETAIN_SELF = YES;
				CLANG_WARN_OBJC_LITERAL_CONVERSION = YES;
				CLANG_WARN_OBJC_ROOT_CLASS = YES_ERROR;
				CLANG_WARN_QUOTED_INCLUDE_IN_FRAMEWORK_HEADER = YES;
				CLANG_WARN_RANGE_LOOP_ANALYSIS = YES;
				CLANG_WARN_STRICT_PROTOTYPES = YES;
				CLANG_WARN_SUSPICIOUS_MOVE = YES;
				CLANG_WARN_UNGUARDED_AVAILABILITY = YES_AGGRESSIVE;
				CLANG_WARN_UNREACHABLE_CODE = YES;
				CLANG_WARN__DUPLICATE_METHOD_MATCH = YES;
				COPY_PHASE_STRIP = NO;
				DEBUG_INFORMATION_FORMAT = "dwarf-with-dsym";
				ENABLE_NS_ASSERTIONS = NO;
				ENABLE_STRICT_OBJC_MSGSEND = YES;
				GCC_C_LANGUAGE_STANDARD = gnu11;
				GCC_NO_COMMON_BLOCKS = YES;
				GCC_WARN_64_TO_32_BIT_CONVERSION = YES;
				GCC_WARN_ABOUT_RETURN_TYPE = YES_ERROR;
				GCC_WARN_UNDECLARED_SELECTOR = YES;
				GCC_WARN_UNINITIALIZED_AUTOS = YES_AGGRESSIVE;
				GCC_WARN_UNUSED_FUNCTION = YES;
				GCC_WARN_UNUSED_VARIABLE = YES;
				IPHONEOS_DEPLOYMENT_TARGET = 16.4;
				MTL_ENABLE_DEBUG_INFO = NO;
				MTL_FAST_MATH = YES;
				SDKROOT = iphoneos;
				SWIFT_COMPILATION_MODE = wholemodule;
				SWIFT_OPTIMIZATION_LEVEL = "-O";
				VALIDATE_PRODUCT = YES;
			};
			name = Release;
		};
		EC9C74012A83845C00663763 /* Debug */ = {
			isa = XCBuildConfiguration;
			buildSettings = {
				ASSETCATALOG_COMPILER_APPICON_NAME = AppIcon;
				ASSETCATALOG_COMPILER_GLOBAL_ACCENT_COLOR_NAME = AccentColor;
				CODE_SIGN_STYLE = Automatic;
				CURRENT_PROJECT_VERSION = 1;
				DEVELOPMENT_ASSET_PATHS = "\"FilmlerUygulamasi/Preview Content\"";
				ENABLE_PREVIEWS = YES;
				GENERATE_INFOPLIST_FILE = YES;
				INFOPLIST_KEY_UIApplicationSceneManifest_Generation = YES;
				INFOPLIST_KEY_UIApplicationSupportsIndirectInputEvents = YES;
				INFOPLIST_KEY_UILaunchScreen_Generation = YES;
				INFOPLIST_KEY_UISupportedInterfaceOrientations_iPad = "UIInterfaceOrientationPortrait UIInterfaceOrientationPortraitUpsideDown UIInterfaceOrientationLandscapeLeft UIInterfaceOrientationLandscapeRight";
				INFOPLIST_KEY_UISupportedInterfaceOrientations_iPhone = "UIInterfaceOrientationPortrait UIInterfaceOrientationLandscapeLeft UIInterfaceOrientationLandscapeRight";
				LD_RUNPATH_SEARCH_PATHS = (
					"$(inherited)",
					"@executable_path/Frameworks",
				);
				MARKETING_VERSION = 1.0;
				PRODUCT_BUNDLE_IDENTIFIER = com.bnezgirl.FilmlerUygulamasi;
				PRODUCT_NAME = "$(TARGET_NAME)";
				SWIFT_EMIT_LOC_STRINGS = YES;
				SWIFT_VERSION = 5.0;
				TARGETED_DEVICE_FAMILY = "1,2";
			};
			name = Debug;
		};
		EC9C74022A83845C00663763 /* Release */ = {
			isa = XCBuildConfiguration;
			buildSettings = {
				ASSETCATALOG_COMPILER_APPICON_NAME = AppIcon;
				ASSETCATALOG_COMPILER_GLOBAL_ACCENT_COLOR_NAME = AccentColor;
				CODE_SIGN_STYLE = Automatic;
				CURRENT_PROJECT_VERSION = 1;
				DEVELOPMENT_ASSET_PATHS = "\"FilmlerUygulamasi/Preview Content\"";
				ENABLE_PREVIEWS = YES;
				GENERATE_INFOPLIST_FILE = YES;
				INFOPLIST_KEY_UIApplicationSceneManifest_Generation = YES;
				INFOPLIST_KEY_UIApplicationSupportsIndirectInputEvents = YES;
				INFOPLIST_KEY_UILaunchScreen_Generation = YES;
				INFOPLIST_KEY_UISupportedInterfaceOrientations_iPad = "UIInterfaceOrientationPortrait UIInterfaceOrientationPortraitUpsideDown UIInterfaceOrientationLandscapeLeft UIInterfaceOrientationLandscapeRight";
				INFOPLIST_KEY_UISupportedInterfaceOrientations_iPhone = "UIInterfaceOrientationPortrait UIInterfaceOrientationLandscapeLeft UIInterfaceOrientationLandscapeRight";
				LD_RUNPATH_SEARCH_PATHS = (
					"$(inherited)",
					"@executable_path/Frameworks",
				);
				MARKETING_VERSION = 1.0;
				PRODUCT_BUNDLE_IDENTIFIER = com.bnezgirl.FilmlerUygulamasi;
				PRODUCT_NAME = "$(TARGET_NAME)";
				SWIFT_EMIT_LOC_STRINGS = YES;
				SWIFT_VERSION = 5.0;
				TARGETED_DEVICE_FAMILY = "1,2";
			};
			name = Release;
		};
/* End XCBuildConfiguration section */

/* Begin XCConfigurationList section */
		EC9C73ED2A83845B00663763 /* Build configuration list for PBXProject "FilmlerUygulamasi" */ = {
			isa = XCConfigurationList;
			buildConfigurations = (
				EC9C73FE2A83845C00663763 /* Debug */,
				EC9C73FF2A83845C00663763 /* Release */,
			);
			defaultConfigurationIsVisible = 0;
			defaultConfigurationName = Release;
		};
		EC9C74002A83845C00663763 /* Build configuration list for PBXNativeTarget "FilmlerUygulamasi" */ = {
			isa = XCConfigurationList;
			buildConfigurations = (
				EC9C74012A83845C00663763 /* Debug */,
				EC9C74022A83845C00663763 /* Release */,
			);
			defaultConfigurationIsVisible = 0;
			defaultConfigurationName = Release;
		};
/* End XCConfigurationList section */
	};
	rootObject = EC9C73EA2A83845B00663763 /* Project object */;
}
