// !$*UTF8*$!
{
	archiveVersion = 1;
	classes = {
	};
	objectVersion = 56;
	objects = {

/* Begin PBXBuildFile section */
		EC2E23962A7E8F5500BB0457 /* KisilerUygulamasiApp.swift in Sources */ = {isa = PBXBuildFile; fileRef = EC2E23952A7E8F5500BB0457 /* KisilerUygulamasiApp.swift */; };
		EC2E23982A7E8F5500BB0457 /* AnaSayfa.swift in Sources */ = {isa = PBXBuildFile; fileRef = EC2E23972A7E8F5500BB0457 /* AnaSayfa.swift */; };
		EC2E239A2A7E8F5500BB0457 /* Assets.xcassets in Resources */ = {isa = PBXBuildFile; fileRef = EC2E23992A7E8F5500BB0457 /* Assets.xcassets */; };
		EC2E239D2A7E8F5500BB0457 /* Preview Assets.xcassets in Resources */ = {isa = PBXBuildFile; fileRef = EC2E239C2A7E8F5500BB0457 /* Preview Assets.xcassets */; };
		EC2E23A42A7E8FBA00BB0457 /* KisiDetaySayfa.swift in Sources */ = {isa = PBXBuildFile; fileRef = EC2E23A32A7E8FBA00BB0457 /* KisiDetaySayfa.swift */; };
		EC2E23A62A7E8FCA00BB0457 /* KisiKayitSayfa.swift in Sources */ = {isa = PBXBuildFile; fileRef = EC2E23A52A7E8FCA00BB0457 /* KisiKayitSayfa.swift */; };
		EC2E23A82A7E97F100BB0457 /* Kisiler.swift in Sources */ = {isa = PBXBuildFile; fileRef = EC2E23A72A7E97F100BB0457 /* Kisiler.swift */; };
		EC2E23AA2A7E99BF00BB0457 /* KisilerSatir.swift in Sources */ = {isa = PBXBuildFile; fileRef = EC2E23A92A7E99BF00BB0457 /* KisilerSatir.swift */; };
/* End PBXBuildFile section */

/* Begin PBXFileReference section */
		EC2E23922A7E8F5500BB0457 /* KisilerUygulamasi.app */ = {isa = PBXFileReference; explicitFileType = wrapper.application; includeInIndex = 0; path = KisilerUygulamasi.app; sourceTree = BUILT_PRODUCTS_DIR; };
		EC2E23952A7E8F5500BB0457 /* KisilerUygulamasiApp.swift */ = {isa = PBXFileReference; lastKnownFileType = sourcecode.swift; path = KisilerUygulamasiApp.swift; sourceTree = "<group>"; };
		EC2E23972A7E8F5500BB0457 /* AnaSayfa.swift */ = {isa = PBXFileReference; lastKnownFileType = sourcecode.swift; path = AnaSayfa.swift; sourceTree = "<group>"; };
		EC2E23992A7E8F5500BB0457 /* Assets.xcassets */ = {isa = PBXFileReference; lastKnownFileType = folder.assetcatalog; path = Assets.xcassets; sourceTree = "<group>"; };
		EC2E239C2A7E8F5500BB0457 /* Preview Assets.xcassets */ = {isa = PBXFileReference; lastKnownFileType = folder.assetcatalog; path = "Preview Assets.xcassets"; sourceTree = "<group>"; };
		EC2E23A32A7E8FBA00BB0457 /* KisiDetaySayfa.swift */ = {isa = PBXFileReference; lastKnownFileType = sourcecode.swift; path = KisiDetaySayfa.swift; sourceTree = "<group>"; };
		EC2E23A52A7E8FCA00BB0457 /* KisiKayitSayfa.swift */ = {isa = PBXFileReference; lastKnownFileType = sourcecode.swift; path = KisiKayitSayfa.swift; sourceTree = "<group>"; };
		EC2E23A72A7E97F100BB0457 /* Kisiler.swift */ = {isa = PBXFileReference; lastKnownFileType = sourcecode.swift; path = Kisiler.swift; sourceTree = "<group>"; };
		EC2E23A92A7E99BF00BB0457 /* KisilerSatir.swift */ = {isa = PBXFileReference; lastKnownFileType = sourcecode.swift; path = KisilerSatir.swift; sourceTree = "<group>"; };
/* End PBXFileReference section */

/* Begin PBXFrameworksBuildPhase section */
		EC2E238F2A7E8F5500BB0457 /* Frameworks */ = {
			isa = PBXFrameworksBuildPhase;
			buildActionMask = 2147483647;
			files = (
			);
			runOnlyForDeploymentPostprocessing = 0;
		};
/* End PBXFrameworksBuildPhase section */

/* Begin PBXGroup section */
		EC2E23892A7E8F5500BB0457 = {
			isa = PBXGroup;
			children = (
				EC2E23942A7E8F5500BB0457 /* KisilerUygulamasi */,
				EC2E23932A7E8F5500BB0457 /* Products */,
			);
			sourceTree = "<group>";
		};
		EC2E23932A7E8F5500BB0457 /* Products */ = {
			isa = PBXGroup;
			children = (
				EC2E23922A7E8F5500BB0457 /* KisilerUygulamasi.app */,
			);
			name = Products;
			sourceTree = "<group>";
		};
		EC2E23942A7E8F5500BB0457 /* KisilerUygulamasi */ = {
			isa = PBXGroup;
			children = (
				EC2E23952A7E8F5500BB0457 /* KisilerUygulamasiApp.swift */,
				EC2E23972A7E8F5500BB0457 /* AnaSayfa.swift */,
				EC2E23A32A7E8FBA00BB0457 /* KisiDetaySayfa.swift */,
				EC2E23A72A7E97F100BB0457 /* Kisiler.swift */,
				EC2E23A92A7E99BF00BB0457 /* KisilerSatir.swift */,
				EC2E23A52A7E8FCA00BB0457 /* KisiKayitSayfa.swift */,
				EC2E23992A7E8F5500BB0457 /* Assets.xcassets */,
				EC2E239B2A7E8F5500BB0457 /* Preview Content */,
			);
			path = KisilerUygulamasi;
			sourceTree = "<group>";
		};
		EC2E239B2A7E8F5500BB0457 /* Preview Content */ = {
			isa = PBXGroup;
			children = (
				EC2E239C2A7E8F5500BB0457 /* Preview Assets.xcassets */,
			);
			path = "Preview Content";
			sourceTree = "<group>";
		};
/* End PBXGroup section */

/* Begin PBXNativeTarget section */
		EC2E23912A7E8F5500BB0457 /* KisilerUygulamasi */ = {
			isa = PBXNativeTarget;
			buildConfigurationList = EC2E23A02A7E8F5500BB0457 /* Build configuration list for PBXNativeTarget "KisilerUygulamasi" */;
			buildPhases = (
				EC2E238E2A7E8F5500BB0457 /* Sources */,
				EC2E238F2A7E8F5500BB0457 /* Frameworks */,
				EC2E23902A7E8F5500BB0457 /* Resources */,
			);
			buildRules = (
			);
			dependencies = (
			);
			name = KisilerUygulamasi;
			productName = KisilerUygulamasi;
			productReference = EC2E23922A7E8F5500BB0457 /* KisilerUygulamasi.app */;
			productType = "com.apple.product-type.application";
		};
/* End PBXNativeTarget section */

/* Begin PBXProject section */
		EC2E238A2A7E8F5500BB0457 /* Project object */ = {
			isa = PBXProject;
			attributes = {
				BuildIndependentTargetsInParallel = 1;
				LastSwiftUpdateCheck = 1430;
				LastUpgradeCheck = 1430;
				TargetAttributes = {
					EC2E23912A7E8F5500BB0457 = {
						CreatedOnToolsVersion = 14.3.1;
					};
				};
			};
			buildConfigurationList = EC2E238D2A7E8F5500BB0457 /* Build configuration list for PBXProject "KisilerUygulamasi" */;
			compatibilityVersion = "Xcode 14.0";
			developmentRegion = en;
			hasScannedForEncodings = 0;
			knownRegions = (
				en,
				Base,
			);
			mainGroup = EC2E23892A7E8F5500BB0457;
			productRefGroup = EC2E23932A7E8F5500BB0457 /* Products */;
			projectDirPath = "";
			projectRoot = "";
			targets = (
				EC2E23912A7E8F5500BB0457 /* KisilerUygulamasi */,
			);
		};
/* End PBXProject section */

/* Begin PBXResourcesBuildPhase section */
		EC2E23902A7E8F5500BB0457 /* Resources */ = {
			isa = PBXResourcesBuildPhase;
			buildActionMask = 2147483647;
			files = (
				EC2E239D2A7E8F5500BB0457 /* Preview Assets.xcassets in Resources */,
				EC2E239A2A7E8F5500BB0457 /* Assets.xcassets in Resources */,
			);
			runOnlyForDeploymentPostprocessing = 0;
		};
/* End PBXResourcesBuildPhase section */

/* Begin PBXSourcesBuildPhase section */
		EC2E238E2A7E8F5500BB0457 /* Sources */ = {
			isa = PBXSourcesBuildPhase;
			buildActionMask = 2147483647;
			files = (
				EC2E23A42A7E8FBA00BB0457 /* KisiDetaySayfa.swift in Sources */,
				EC2E23A62A7E8FCA00BB0457 /* KisiKayitSayfa.swift in Sources */,
				EC2E23982A7E8F5500BB0457 /* AnaSayfa.swift in Sources */,
				EC2E23962A7E8F5500BB0457 /* KisilerUygulamasiApp.swift in Sources */,
				EC2E23A82A7E97F100BB0457 /* Kisiler.swift in Sources */,
				EC2E23AA2A7E99BF00BB0457 /* KisilerSatir.swift in Sources */,
			);
			runOnlyForDeploymentPostprocessing = 0;
		};
/* End PBXSourcesBuildPhase section */

/* Begin XCBuildConfiguration section */
		EC2E239E2A7E8F5500BB0457 /* Debug */ = {
			isa = XCBuildConfiguration;
			buildSettings = {
				ALWAYS_SEARCH_USER_PATHS = NO;
				CLANG_ANALYZER_NONNULL = YES;
				CLANG_ANALYZER_NUMBER_OBJECT_CONVERSION = YES_AGGRESSIVE;
				CLANG_CXX_LANGUAGE_STANDARD = "gnu++20";
				CLANG_ENABLE_MODULES = YES;
				CLANG_ENABLE_OBJC_ARC = YES;
				CLANG_ENABLE_OBJC_WEAK = YES;
				CLANG_WARN_BLOCK_CAPTURE_AUTORELEASING = YES;
				CLANG_WARN_BOOL_CONVERSION = YES;
				CLANG_WARN_COMMA = YES;
				CLANG_WARN_CONSTANT_CONVERSION = YES;
				CLANG_WARN_DEPRECATED_OBJC_IMPLEMENTATIONS = YES;
				CLANG_WARN_DIRECT_OBJC_ISA_USAGE = YES_ERROR;
				CLANG_WARN_DOCUMENTATION_COMMENTS = YES;
				CLANG_WARN_EMPTY_BODY = YES;
				CLANG_WARN_ENUM_CONVERSION = YES;
				CLANG_WARN_INFINITE_RECURSION = YES;
				CLANG_WARN_INT_CONVERSION = YES;
				CLANG_WARN_NON_LITERAL_NULL_CONVERSION = YES;
				CLANG_WARN_OBJC_IMPLICIT_RETAIN_SELF = YES;
				CLANG_WARN_OBJC_LITERAL_CONVERSION = YES;
				CLANG_WARN_OBJC_ROOT_CLASS = YES_ERROR;
				CLANG_WARN_QUOTED_INCLUDE_IN_FRAMEWORK_HEADER = YES;
				CLANG_WARN_RANGE_LOOP_ANALYSIS = YES;
				CLANG_WARN_STRICT_PROTOTYPES = YES;
				CLANG_WARN_SUSPICIOUS_MOVE = YES;
				CLANG_WARN_UNGUARDED_AVAILABILITY = YES_AGGRESSIVE;
				CLANG_WARN_UNREACHABLE_CODE = YES;
				CLANG_WARN__DUPLICATE_METHOD_MATCH = YES;
				COPY_PHASE_STRIP = NO;
				DEBUG_INFORMATION_FORMAT = dwarf;
				ENABLE_STRICT_OBJC_MSGSEND = YES;
				ENABLE_TESTABILITY = YES;
				GCC_C_LANGUAGE_STANDARD = gnu11;
				GCC_DYNAMIC_NO_PIC = NO;
				GCC_NO_COMMON_BLOCKS = YES;
				GCC_OPTIMIZATION_LEVEL = 0;
				GCC_PREPROCESSOR_DEFINITIONS = (
					"DEBUG=1",
					"$(inherited)",
				);
				GCC_WARN_64_TO_32_BIT_CONVERSION = YES;
				GCC_WARN_ABOUT_RETURN_TYPE = YES_ERROR;
				GCC_WARN_UNDECLARED_SELECTOR = YES;
				GCC_WARN_UNINITIALIZED_AUTOS = YES_AGGRESSIVE;
				GCC_WARN_UNUSED_FUNCTION = YES;
				GCC_WARN_UNUSED_VARIABLE = YES;
				IPHONEOS_DEPLOYMENT_TARGET = 16.4;
				MTL_ENABLE_DEBUG_INFO = INCLUDE_SOURCE;
				MTL_FAST_MATH = YES;
				ONLY_ACTIVE_ARCH = YES;
				SDKROOT = iphoneos;
				SWIFT_ACTIVE_COMPILATION_CONDITIONS = DEBUG;
				SWIFT_OPTIMIZATION_LEVEL = "-Onone";
			};
			name = Debug;
		};
		EC2E239F2A7E8F5500BB0457 /* Release */ = {
			isa = XCBuildConfiguration;
			buildSettings = {
				ALWAYS_SEARCH_USER_PATHS = NO;
				CLANG_ANALYZER_NONNULL = YES;
				CLANG_ANALYZER_NUMBER_OBJECT_CONVERSION = YES_AGGRESSIVE;
				CLANG_CXX_LANGUAGE_STANDARD = "gnu++20";
				CLANG_ENABLE_MODULES = YES;
				CLANG_ENABLE_OBJC_ARC = YES;
				CLANG_ENABLE_OBJC_WEAK = YES;
				CLANG_WARN_BLOCK_CAPTURE_AUTORELEASING = YES;
				CLANG_WARN_BOOL_CONVERSION = YES;
				CLANG_WARN_COMMA = YES;
				CLANG_WARN_CONSTANT_CONVERSION = YES;
				CLANG_WARN_DEPRECATED_OBJC_IMPLEMENTATIONS = YES;
				CLANG_WARN_DIRECT_OBJC_ISA_USAGE = YES_ERROR;
				CLANG_WARN_DOCUMENTATION_COMMENTS = YES;
				CLANG_WARN_EMPTY_BODY = YES;
				CLANG_WARN_ENUM_CONVERSION = YES;
				CLANG_WARN_INFINITE_RECURSION = YES;
				CLANG_WARN_INT_CONVERSION = YES;
				CLANG_WARN_NON_LITERAL_NULL_CONVERSION = YES;
				CLANG_WARN_OBJC_IMPLICIT_RETAIN_SELF = YES;
				CLANG_WARN_OBJC_LITERAL_CONVERSION = YES;
				CLANG_WARN_OBJC_ROOT_CLASS = YES_ERROR;
				CLANG_WARN_QUOTED_INCLUDE_IN_FRAMEWORK_HEADER = YES;
				CLANG_WARN_RANGE_LOOP_ANALYSIS = YES;
				CLANG_WARN_STRICT_PROTOTYPES = YES;
				CLANG_WARN_SUSPICIOUS_MOVE = YES;
				CLANG_WARN_UNGUARDED_AVAILABILITY = YES_AGGRESSIVE;
				CLANG_WARN_UNREACHABLE_CODE = YES;
				CLANG_WARN__DUPLICATE_METHOD_MATCH = YES;
				COPY_PHASE_STRIP = NO;
				DEBUG_INFORMATION_FORMAT = "dwarf-with-dsym";
				ENABLE_NS_ASSERTIONS = NO;
				ENABLE_STRICT_OBJC_MSGSEND = YES;
				GCC_C_LANGUAGE_STANDARD = gnu11;
				GCC_NO_COMMON_BLOCKS = YES;
				GCC_WARN_64_TO_32_BIT_CONVERSION = YES;
				GCC_WARN_ABOUT_RETURN_TYPE = YES_ERROR;
				GCC_WARN_UNDECLARED_SELECTOR = YES;
				GCC_WARN_UNINITIALIZED_AUTOS = YES_AGGRESSIVE;
				GCC_WARN_UNUSED_FUNCTION = YES;
				GCC_WARN_UNUSED_VARIABLE = YES;
				IPHONEOS_DEPLOYMENT_TARGET = 16.4;
				MTL_ENABLE_DEBUG_INFO = NO;
				MTL_FAST_MATH = YES;
				SDKROOT = iphoneos;
				SWIFT_COMPILATION_MODE = wholemodule;
				SWIFT_OPTIMIZATION_LEVEL = "-O";
				VALIDATE_PRODUCT = YES;
			};
			name = Release;
		};
		EC2E23A12A7E8F5500BB0457 /* Debug */ = {
			isa = XCBuildConfiguration;
			buildSettings = {
				ASSETCATALOG_COMPILER_APPICON_NAME = AppIcon;
				ASSETCATALOG_COMPILER_GLOBAL_ACCENT_COLOR_NAME = AccentColor;
				CODE_SIGN_STYLE = Automatic;
				CURRENT_PROJECT_VERSION = 1;
				DEVELOPMENT_ASSET_PATHS = "\"KisilerUygulamasi/Preview Content\"";
				ENABLE_PREVIEWS = YES;
				GENERATE_INFOPLIST_FILE = YES;
				INFOPLIST_KEY_UIApplicationSceneManifest_Generation = YES;
				INFOPLIST_KEY_UIApplicationSupportsIndirectInputEvents = YES;
				INFOPLIST_KEY_UILaunchScreen_Generation = YES;
				INFOPLIST_KEY_UISupportedInterfaceOrientations_iPad = "UIInterfaceOrientationPortrait UIInterfaceOrientationPortraitUpsideDown UIInterfaceOrientationLandscapeLeft UIInterfaceOrientationLandscapeRight";
				INFOPLIST_KEY_UISupportedInterfaceOrientations_iPhone = "UIInterfaceOrientationPortrait UIInterfaceOrientationLandscapeLeft UIInterfaceOrientationLandscapeRight";
				LD_RUNPATH_SEARCH_PATHS = (
					"$(inherited)",
					"@executable_path/Frameworks",
				);
				MARKETING_VERSION = 1.0;
				PRODUCT_BUNDLE_IDENTIFIER = com.bnezgirl.KisilerUygulamasi;
				PRODUCT_NAME = "$(TARGET_NAME)";
				SWIFT_EMIT_LOC_STRINGS = YES;
				SWIFT_VERSION = 5.0;
				TARGETED_DEVICE_FAMILY = "1,2";
			};
			name = Debug;
		};
		EC2E23A22A7E8F5500BB0457 /* Release */ = {
			isa = XCBuildConfiguration;
			buildSettings = {
				ASSETCATALOG_COMPILER_APPICON_NAME = AppIcon;
				ASSETCATALOG_COMPILER_GLOBAL_ACCENT_COLOR_NAME = AccentColor;
				CODE_SIGN_STYLE = Automatic;
				CURRENT_PROJECT_VERSION = 1;
				DEVELOPMENT_ASSET_PATHS = "\"KisilerUygulamasi/Preview Content\"";
				ENABLE_PREVIEWS = YES;
				GENERATE_INFOPLIST_FILE = YES;
				INFOPLIST_KEY_UIApplicationSceneManifest_Generation = YES;
				INFOPLIST_KEY_UIApplicationSupportsIndirectInputEvents = YES;
				INFOPLIST_KEY_UILaunchScreen_Generation = YES;
				INFOPLIST_KEY_UISupportedInterfaceOrientations_iPad = "UIInterfaceOrientationPortrait UIInterfaceOrientationPortraitUpsideDown UIInterfaceOrientationLandscapeLeft UIInterfaceOrientationLandscapeRight";
				INFOPLIST_KEY_UISupportedInterfaceOrientations_iPhone = "UIInterfaceOrientationPortrait UIInterfaceOrientationLandscapeLeft UIInterfaceOrientationLandscapeRight";
				LD_RUNPATH_SEARCH_PATHS = (
					"$(inherited)",
					"@executable_path/Frameworks",
				);
				MARKETING_VERSION = 1.0;
				PRODUCT_BUNDLE_IDENTIFIER = com.bnezgirl.KisilerUygulamasi;
				PRODUCT_NAME = "$(TARGET_NAME)";
				SWIFT_EMIT_LOC_STRINGS = YES;
				SWIFT_VERSION = 5.0;
				TARGETED_DEVICE_FAMILY = "1,2";
			};
			name = Release;
		};
/* End XCBuildConfiguration section */

/* Begin XCConfigurationList section */
		EC2E238D2A7E8F5500BB0457 /* Build configuration list for PBXProject "KisilerUygulamasi" */ = {
			isa = XCConfigurationList;
			buildConfigurations = (
				EC2E239E2A7E8F5500BB0457 /* Debug */,
				EC2E239F2A7E8F5500BB0457 /* Release */,
			);
			defaultConfigurationIsVisible = 0;
			defaultConfigurationName = Release;
		};
		EC2E23A02A7E8F5500BB0457 /* Build configuration list for PBXNativeTarget "KisilerUygulamasi" */ = {
			isa = XCConfigurationList;
			buildConfigurations = (
				EC2E23A12A7E8F5500BB0457 /* Debug */,
				EC2E23A22A7E8F5500BB0457 /* Release */,
			);
			defaultConfigurationIsVisible = 0;
			defaultConfigurationName = Release;
		};
/* End XCConfigurationList section */
	};
	rootObject = EC2E238A2A7E8F5500BB0457 /* Project object */;
}
